
Microsoft Visual Studio Solution File, Format Version 12.00
# Visual Studio Version 17
VisualStudioVersion = 17.6.33815.320
MinimumVisualStudioVersion = 10.0.40219.1
Project("{FAE04EC0-301F-11D3-BF4B-00C04F79EFBC}") = "EnfusionDatabaseFramework.Drivers.WebProxy.MongoDB", "EnfusionDatabaseFramework.Drivers.WebProxy.MongoDB\EnfusionDatabaseFramework.Drivers.WebProxy.MongoDB.csproj", "{BB82D046-EF26-404B-AEEB-A6E58FD4084F}"
EndProject
Global
	GlobalSection(SolutionConfigurationPlatforms) = preSolution
		Debug|Any CPU = Debug|Any CPU
		Release|Any CPU = Release|Any CPU
	EndGlobalSection
	GlobalSection(ProjectConfigurationPlatforms) = postSolution
		{BB82D046-EF26-404B-AEEB-A6E58FD4084F}.Debug|Any CPU.ActiveCfg = Debug|Any CPU
		{BB82D046-EF26-404B-AEEB-A6E58FD4084F}.Debug|Any CPU.Build.0 = Debug|Any CPU
		{BB82D046-EF26-404B-AEEB-A6E58FD4084F}.Release|Any CPU.ActiveCfg = Release|Any CPU
		{BB82D046-EF26-404B-AEEB-A6E58FD4084F}.Release|Any CPU.Build.0 = Release|Any CPU
	EndGlobalSection
	GlobalSection(SolutionProperties) = preSolution
		HideSolutionNode = FALSE
	EndGlobalSection
	GlobalSection(ExtensibilityGlobals) = postSolution
		SolutionGuid = {B5091AAE-5BE8-4284-960F-FA6CD548D459}
	EndGlobalSection
EndGlobal
